lockfileVersion: '9.0'

settings:
  autoInstallPeers: true
  excludeLinksFromLockfile: false

catalogs:
  default:
    is-odd:
      specifier: 2.0.0
      version: 2.0.0

importers:

  .:
    dependencies:
      is-odd:
        specifier: 'catalog:'
        version: 2.0.0

packages:

  is-number@4.0.0:
    resolution: {integrity: sha512-rSklcAIlf1OmFdyAqbnWTLVelsQ58uvZ66S/ZyawjWqIviTWCjg2PzVGw8WUA+nNuPTqb4wgA+NszrJ+08LlgQ==}
    engines: {node: '>=0.10.0'}

  is-odd@2.0.0:
    resolution: {integrity: sha512-OTiixgpZAT1M4NHgS5IguFp/Vz2VI3U7Goh4/HA1adtwyLtSBrxYlcSYkhpAE07s4fKEcjrFxyvtQBND4vFQyQ==}
    engines: {node: '>=0.10.0'}

snapshots:

  is-number@4.0.0: {}

  is-odd@2.0.0:
    dependencies:
      is-number: 4.0.0
